{
  "name": "LINAK-Desk-Semester-Project",
  "lockfileVersion": 3,
  "requires": true,
  "packages": {
    "": {
      "dependencies": {
        "@1771technologies/lytenyte-core": "^1.0.18"
      }
    },
    "node_modules/@1771technologies/lytenyte-core": {
      "version": "1.0.18",
      "resolved": "https://registry.npmjs.org/@1771technologies/lytenyte-core/-/lytenyte-core-1.0.18.tgz",
      "integrity": "sha512-wjOR0SjjySDmShbwm5yg3aUqCSXW/lxkIMI3t0Z6j5e1XGHmIstO++Nwe1A/BKBz37LkfplmmfCnm3GCEGASYQ==",
      "license": "Apache-2.0",
      "dependencies": {
        "@1771technologies/lytenyte-shared": "1.0.18"
      },
      "peerDependencies": {
        "react": "^18.0.0 || ^19.0.0",
        "react-dom": "^18.0.0 || ^19.0.0"
      }
    },
    "node_modules/@1771technologies/lytenyte-shared": {
      "version": "1.0.18",
      "resolved": "https://registry.npmjs.org/@1771technologies/lytenyte-shared/-/lytenyte-shared-1.0.18.tgz",
      "integrity": "sha512-0nqVyfMjLcwJpwart2PhrOPOdYgeIp5SFlc4DW+HHYtF/AwtNEmZDpPOMM0FMveDy59u6m6tKRnoRJWFmXUiag==",
      "license": "Apache-2.0"
    },
    "node_modules/react": {
      "version": "19.2.0",
      "resolved": "https://registry.npmjs.org/react/-/react-19.2.0.tgz",
      "integrity": "sha512-tmbWg6W31tQLeB5cdIBOicJDJRR2KzXsV7uSK9iNfLWQ5bIZfxuPEHp7M8wiHyHnn0DD1i7w3Zmin0FtkrwoCQ==",
      "license": "MIT",
      "peer": true,
      "engines": {
        "node": ">=0.10.0"
      }
    },
    "node_modules/react-dom": {
      "version": "19.2.0",
      "resolved": "https://registry.npmjs.org/react-dom/-/react-dom-19.2.0.tgz",
      "integrity": "sha512-UlbRu4cAiGaIewkPyiRGJk0imDN2T3JjieT6spoL2UeSf5od4n5LB/mQ4ejmxhCFT1tYe8IvaFulzynWovsEFQ==",
      "license": "MIT",
      "peer": true,
      "dependencies": {
        "scheduler": "^0.27.0"
      },
      "peerDependencies": {
        "react": "^19.2.0"
      }
    },
    "node_modules/scheduler": {
      "version": "0.27.0",
      "resolved": "https://registry.npmjs.org/scheduler/-/scheduler-0.27.0.tgz",
      "integrity": "sha512-eNv+WrVbKu1f3vbYJT/xtiF5syA5HPIMtf9IgY/nKg0sWqzAUEvqY/xm7OcZc/qafLx/iO9FgOmeSAp4v5ti/Q==",
      "license": "MIT",
      "peer": true
    }
  }
}
